{
  "name": "ai-prediction-dashboard",
  "version": "0.1.0",
  "lockfileVersion": 3,
  "requires": true,
  "packages": {
    "": {
      "name": "ai-prediction-dashboard",
      "version": "0.1.0",
      "dependencies": {
        "@types/react-datepicker": "^6.2.0",
        "chart.js": "^4.5.1",
        "chartjs-plugin-zoom": "^2.2.0",
        "mysql2": "^3.23.1",
        "next": "14.2.5",
        "onnxruntime-web": "1.19.2",
        "react": "18.3.1",
        "react-chartjs-2": "^5.3.1",
        "react-datepicker": "^9.1.0",
        "react-dom": "18.3.1",
        "react-icons": "^5.7.0"
      },
      "devDependencies": {
        "@types/node": "20.14.10",
        "@types/react": "18.3.3",
        "@types/react-dom": "18.3.0",
        "typescript": "5.5.4"
      }
    },
    "node_modules/@floating-ui/core": {
      "version": "1.8.0",
      "resolved": "https://registry.npmjs.org/@floating-ui/core/-/core-1.8.0.tgz",
      "integrity": "sha512-0CIZ5itps/8x7BG8dEIhs53BvCUH2PCoogtakwRTut+Arm58sJooJ0AuZhLw2HJYIR5cMLNPBSS728sPho2khQ==",
      "license": "MIT",
      "dependencies": {
        "@floating-ui/utils": "^0.2.12"
      }
    },
    "node_modules/@floating-ui/dom": {
      "version": "1.8.0",
      "resolved": "https://registry.npmjs.org/@floating-ui/dom/-/dom-1.8.0.tgz",
      "integrity": "sha512-yXSrzeHZBTZadLOlfyhCkJHNeLJnHRnRInwdZ40L7ZiaAtrBwoYlsDrX3v5zB1Utk7CLfzcOVnVVWoXEky7Ceg==",
      "license": "MIT",
      "dependencies": {
        "@floating-ui/core": "^1.8.0",
        "@floating-ui/utils": "^0.2.12"
      }
    },
    "node_modules/@floating-ui/react": {
      "version": "0.26.28",
      "resolved": "https://registry.npmjs.org/@floating-ui/react/-/react-0.26.28.tgz",
      "integrity": "sha512-yORQuuAtVpiRjpMhdc0wJj06b9JFjrYF4qp96j++v2NBpbi6SEGF7donUJ3TMieerQ6qVkAv1tgr7L4r5roTqw==",
      "license": "MIT",
      "dependencies": {
        "@floating-ui/react-dom": "^2.1.2",
        "@floating-ui/utils": "^0.2.8",
        "tabbable": "^6.0.0"
      },
      "peerDependencies": {
        "react": ">=16.8.0",
        "react-dom": ">=16.8.0"
      }
    },
    "node_modules/@floating-ui/react-dom": {
      "version": "2.1.9",
      "resolved": "https://registry.npmjs.org/@floating-ui/react-dom/-/react-dom-2.1.9.tgz",
      "integrity": "sha512-JDjEFGCpImxDCA7JJKviA0M9+RtmJdj0m/NVU5IMgBK+AmZouAQQ7/+2GLH0GXXY0YMw9oXPB8hKdbPYg5QLYg==",
      "license": "MIT",
      "dependencies": {
        "@floating-ui/dom": "^1.8.0"
      },
      "peerDependencies": {
        "react": ">=16.8.0",
        "react-dom": ">=16.8.0"
      }
    },
    "node_modules/@floating-ui/utils": {
      "version": "0.2.12",
      "resolved": "https://registry.npmjs.org/@floating-ui/utils/-/utils-0.2.12.tgz",
      "integrity": "sha512-HpCo8tmWzLVad5s2d19EhAz5zqrrQ6s69qd6moPMQvkOuSwDT1YgRfWSVuc4ennqrgv3OHppiOGMQ7oC13yIww==",
      "license": "MIT"
    },
    "node_modules/@kurkle/color": {
      "version": "0.3.4",
      "resolved": "https://registry.npmjs.org/@kurkle/color/-/color-0.3.4.tgz",
      "integrity": "sha512-M5UknZPHRu3DEDWoipU6sE8PdkZ6Z/S+v4dD+Ke8IaNlpdSQah50lz1KtcFBa2vsdOnwbbnxJwVM4wty6udA5w==",
      "license": "MIT"
    },
    "node_modules/@next/env": {
      "version": "14.2.5",
      "resolved": "https://registry.npmjs.org/@next/env/-/env-14.2.5.tgz",
      "integrity": "sha512-/zZGkrTOsraVfYjGP8uM0p6r0BDT6xWpkjdVbcz66PJVSpwXX3yNiRycxAuDfBKGWBrZBXRuK/YVlkNgxHGwmA==",
      "license": "MIT"
    },
    "node_modules/@next/swc-darwin-arm64": {
      "version": "14.2.5",
      "resolved": "https://registry.npmjs.org/@next/swc-darwin-arm64/-/swc-darwin-arm64-14.2.5.tgz",
      "integrity": "sha512-/9zVxJ+K9lrzSGli1///ujyRfon/ZneeZ+v4ptpiPoOU+GKZnm8Wj8ELWU1Pm7GHltYRBklmXMTUqM/DqQ99FQ==",
      "cpu": [
        "arm64"
      ],
      "license": "MIT",
      "optional": true,
      "os": [
        "darwin"
      ],
      "engines": {
        "node": ">= 10"
      }
    },
    "node_modules/@next/swc-darwin-x64": {
      "version": "14.2.5",
      "resolved": "https://registry.npmjs.org/@next/swc-darwin-x64/-/swc-darwin-x64-14.2.5.tgz",
      "integrity": "sha512-vXHOPCwfDe9qLDuq7U1OYM2wUY+KQ4Ex6ozwsKxp26BlJ6XXbHleOUldenM67JRyBfVjv371oneEvYd3H2gNSA==",
      "cpu": [
        "x64"
      ],
      "license": "MIT",
      "optional": true,
      "os": [
        "darwin"
      ],
      "engines": {
        "node": ">= 10"
      }
    },
    "node_modules/@next/swc-linux-arm64-gnu": {
      "version": "14.2.5",
      "resolved": "https://registry.npmjs.org/@next/swc-linux-arm64-gnu/-/swc-linux-arm64-gnu-14.2.5.tgz",
      "integrity": "sha512-vlhB8wI+lj8q1ExFW8lbWutA4M2ZazQNvMWuEDqZcuJJc78iUnLdPPunBPX8rC4IgT6lIx/adB+Cwrl99MzNaA==",
      "cpu": [
        "arm64"
      ],
      "license": "MIT",
      "optional": true,
      "os": [
        "linux"
      ],
      "engines": {
        "node": ">= 10"
      }
    },
    "node_modules/@next/swc-linux-arm64-musl": {
      "version": "14.2.5",
      "resolved": "https://registry.npmjs.org/@next/swc-linux-arm64-musl/-/swc-linux-arm64-musl-14.2.5.tgz",
      "integrity": "sha512-NpDB9NUR2t0hXzJJwQSGu1IAOYybsfeB+LxpGsXrRIb7QOrYmidJz3shzY8cM6+rO4Aojuef0N/PEaX18pi9OA==",
      "cpu": [
        "arm64"
      ],
      "license": "MIT",
      "optional": true,
      "os": [
        "linux"
      ],
      "engines": {
        "node": ">= 10"
      }
    },
    "node_modules/@next/swc-linux-x64-gnu": {
      "version": "14.2.5",
      "resolved": "https://registry.npmjs.org/@next/swc-linux-x64-gnu/-/swc-linux-x64-gnu-14.2.5.tgz",
      "integrity": "sha512-8XFikMSxWleYNryWIjiCX+gU201YS+erTUidKdyOVYi5qUQo/gRxv/3N1oZFCgqpesN6FPeqGM72Zve+nReVXQ==",
      "cpu": [
        "x64"
      ],
      "license": "MIT",
      "optional": true,
      "os": [
        "linux"
      ],
      "engines": {
        "node": ">= 10"
      }
    },
    "node_modules/@next/swc-linux-x64-musl": {
      "version": "14.2.5",
      "resolved": "https://registry.npmjs.org/@next/swc-linux-x64-musl/-/swc-linux-x64-musl-14.2.5.tgz",
      "integrity": "sha512-6QLwi7RaYiQDcRDSU/os40r5o06b5ue7Jsk5JgdRBGGp8l37RZEh9JsLSM8QF0YDsgcosSeHjglgqi25+m04IQ==",
      "cpu": [
        "x64"
      ],
      "license": "MIT",
      "optional": true,
      "os": [
        "linux"
      ],
      "engines": {
        "node": ">= 10"
      }
    },
    "node_modules/@next/swc-win32-arm64-msvc": {
      "version": "14.2.5",
      "resolved": "https://registry.npmjs.org/@next/swc-win32-arm64-msvc/-/swc-win32-arm64-msvc-14.2.5.tgz",
      "integrity": "sha512-1GpG2VhbspO+aYoMOQPQiqc/tG3LzmsdBH0LhnDS3JrtDx2QmzXe0B6mSZZiN3Bq7IOMXxv1nlsjzoS1+9mzZw==",
      "cpu": [
        "arm64"
      ],
      "license": "MIT",
      "optional": true,
      "os": [
        "win32"
      ],
      "engines": {
        "node": ">= 10"
      }
    },
    "node_modules/@next/swc-win32-ia32-msvc": {
      "version": "14.2.5",
      "resolved": "https://registry.npmjs.org/@next/swc-win32-ia32-msvc/-/swc-win32-ia32-msvc-14.2.5.tgz",
      "integrity": "sha512-Igh9ZlxwvCDsu6438FXlQTHlRno4gFpJzqPjSIBZooD22tKeI4fE/YMRoHVJHmrQ2P5YL1DoZ0qaOKkbeFWeMg==",
      "cpu": [
        "ia32"
      ],
      "license": "MIT",
      "optional": true,
      "os": [
        "win32"
      ],
      "engines": {
        "node": ">= 10"
      }
    },
    "node_modules/@next/swc-win32-x64-msvc": {
      "version": "14.2.5",
      "resolved": "https://registry.npmjs.org/@next/swc-win32-x64-msvc/-/swc-win32-x64-msvc-14.2.5.tgz",
      "integrity": "sha512-tEQ7oinq1/CjSG9uSTerca3v4AZ+dFa+4Yu6ihaG8Ud8ddqLQgFGcnwYls13H5X5CPDPZJdYxyeMui6muOLd4g==",
      "cpu": [
        "x64"
      ],
      "license": "MIT",
      "optional": true,
      "os": [
        "win32"
      ],
      "engines": {
        "node": ">= 10"
      }
    },
    "node_modules/@protobufjs/aspromise": {
      "version": "1.1.2",
      "resolved": "https://registry.npmjs.org/@protobufjs/aspromise/-/aspromise-1.1.2.tgz",
      "integrity": "sha512-j+gKExEuLmKwvz3OgROXtrJ2UG2x8Ch2YZUxahh+s1F2HZ+wAceUNLkvy6zKCPVRkU++ZWQrdxsUeQXmcg4uoQ==",
      "license": "BSD-3-Clause"
    },
    "node_modules/@protobufjs/base64": {
      "version": "1.1.2",
      "resolved": "https://registry.npmjs.org/@protobufjs/base64/-/base64-1.1.2.tgz",
      "integrity": "sha512-AZkcAA5vnN/v4PDqKyMR5lx7hZttPDgClv83E//FMNhR2TMcLUhfRUBHCmSl0oi9zMgDDqRUJkSxO3wm85+XLg==",
      "license": "BSD-3-Clause"
    },
    "node_modules/@protobufjs/codegen": {
      "version": "2.0.5",
      "resolved": "https://registry.npmjs.org/@protobufjs/codegen/-/codegen-2.0.5.tgz",
      "integrity": "sha512-zgXFLzW3Ap33e6d0Wlj4MGIm6Ce8O89n/apUaGNB/jx+hw+ruWEp7EwGUshdLKVRCxZW12fp9r40E1mQrf/34g==",
      "license": "BSD-3-Clause"
    },
    "node_modules/@protobufjs/eventemitter": {
      "version": "1.1.1",
      "resolved": "https://registry.npmjs.org/@protobufjs/eventemitter/-/eventemitter-1.1.1.tgz",
      "integrity": "sha512-vW1GmwMZNnL+gMRaovlh9yZX74kc+TTU3FObkkurpMaRtBfLP3ldjS9KQWlwZgraRE0+dheEEoAxdzcJQ8eXZg==",
      "license": "BSD-3-Clause"
    },
    "node_modules/@protobufjs/fetch": {
      "version": "1.1.1",
      "resolved": "https://registry.npmjs.org/@protobufjs/fetch/-/fetch-1.1.1.tgz",
      "integrity": "sha512-GpptLrs57adMSuHi3VNj0mAF8dwh36LMaYF6XyJ6JMWlVsc+t42tm1HSEDmOs3A8fC9yyeisgLhsTVQokOZ0zw==",
      "license": "BSD-3-Clause",
      "dependencies": {
        "@protobufjs/aspromise": "^1.1.1"
      }
    },
    "node_modules/@protobufjs/float": {
      "version": "1.0.2",
      "resolved": "https://registry.npmjs.org/@protobufjs/float/-/float-1.0.2.tgz",
      "integrity": "sha512-Ddb+kVXlXst9d+R9PfTIxh1EdNkgoRe5tOX6t01f1lYWOvJnSPDBlG241QLzcyPdoNTsblLUdujGSE4RzrTZGQ==",
      "license": "BSD-3-Clause"
    },
    "node_modules/@protobufjs/path": {
      "version": "1.1.2",
      "resolved": "https://registry.npmjs.org/@protobufjs/path/-/path-1.1.2.tgz",
      "integrity": "sha512-6JOcJ5Tm08dOHAbdR3GrvP+yUUfkjG5ePsHYczMFLq3ZmMkAD98cDgcT2iA1lJ9NVwFd4tH/iSSoe44YWkltEA==",
      "license": "BSD-3-Clause"
    },
    "node_modules/@protobufjs/pool": {
      "version": "1.1.0",
      "resolved": "https://registry.npmjs.org/@protobufjs/pool/-/pool-1.1.0.tgz",
      "integrity": "sha512-0kELaGSIDBKvcgS4zkjz1PeddatrjYcmMWOlAuAPwAeccUrPHdUqo/J6LiymHHEiJT5NrF1UVwxY14f+fy4WQw==",
      "license": "BSD-3-Clause"
    },
    "node_modules/@protobufjs/utf8": {
      "version": "1.1.2",
      "resolved": "https://registry.npmjs.org/@protobufjs/utf8/-/utf8-1.1.2.tgz",
      "integrity": "sha512-b1UQwcEZ4yCnMCD8DAL1VlbvBJE9/IX4FTIp7BG1xYpf29SLazLSrqUkj4w7Y5y7cCVP6E5tcqqcI0xemPkHug==",
      "license": "BSD-3-Clause"
    },
    "node_modules/@swc/counter": {
      "version": "0.1.3",
      "resolved": "https://registry.npmjs.org/@swc/counter/-/counter-0.1.3.tgz",
      "integrity": "sha512-e2BR4lsJkkRlKZ/qCHPw9ZaSxc0MVUd7gtbtaB7aMvHeJVYe8sOB8DBZkP2DtISHGSku9sCK6T6cnY0CtXrOCQ==",
      "license": "Apache-2.0"
    },
    "node_modules/@swc/helpers": {
      "version": "0.5.5",
      "resolved": "https://registry.npmjs.org/@swc/helpers/-/helpers-0.5.5.tgz",
      "integrity": "sha512-KGYxvIOXcceOAbEk4bi/dVLEK9z8sZ0uBB3Il5b1rhfClSpcX0yfRO0KmTkqR2cnQDymwLB+25ZyMzICg/cm/A==",
      "license": "Apache-2.0",
      "dependencies": {
        "@swc/counter": "^0.1.3",
        "tslib": "^2.4.0"
      }
    },
    "node_modules/@types/hammerjs": {
      "version": "2.0.46",
      "resolved": "https://registry.npmjs.org/@types/hammerjs/-/hammerjs-2.0.46.tgz",
      "integrity": "sha512-ynRvcq6wvqexJ9brDMS4BnBLzmr0e14d6ZJTEShTBWKymQiHwlAyGu0ZPEFI2Fh1U53F7tN9ufClWM5KvqkKOw==",
      "license": "MIT"
    },
    "node_modules/@types/node": {
      "version": "20.14.10",
      "resolved": "https://registry.npmjs.org/@types/node/-/node-20.14.10.tgz",
      "integrity": "sha512-MdiXf+nDuMvY0gJKxyfZ7/6UFsETO7mGKF54MVD/ekJS6HdFtpZFBgrh6Pseu64XTb2MLyFPlbW6hj8HYRQNOQ==",
      "license": "MIT",
      "dependencies": {
        "undici-types": "~5.26.4"
      }
    },
    "node_modules/@types/prop-types": {
      "version": "15.7.15",
      "resolved": "https://registry.npmjs.org/@types/prop-types/-/prop-types-15.7.15.tgz",
      "integrity": "sha512-F6bEyamV9jKGAFBEmlQnesRPGOQqS2+Uwi0Em15xenOxHaf2hv6L8YCVn3rPdPJOiJfPiCnLIRyvwVaqMY3MIw==",
      "license": "MIT"
    },
    "node_modules/@types/react": {
      "version": "18.3.3",
      "resolved": "https://registry.npmjs.org/@types/react/-/react-18.3.3.tgz",
      "integrity": "sha512-hti/R0pS0q1/xx+TsI73XIqk26eBsISZ2R0wUijXIngRK9R/e7Xw/cXVxQK7R5JjW+SV4zGcn5hXjudkN/pLIw==",
      "license": "MIT",
      "dependencies": {
        "@types/prop-types": "*",
        "csstype": "^3.0.2"
      }
    },
    "node_modules/@types/react-datepicker": {
      "version": "6.2.0",
      "resolved": "https://registry.npmjs.org/@types/react-datepicker/-/react-datepicker-6.2.0.tgz",
      "integrity": "sha512-+JtO4Fm97WLkJTH8j8/v3Ldh7JCNRwjMYjRaKh4KHH0M3jJoXtwiD3JBCsdlg3tsFIw9eQSqyAPeVDN2H2oM9Q==",
      "license": "MIT",
      "dependencies": {
        "@floating-ui/react": "^0.26.2",
        "@types/react": "*",
        "date-fns": "^3.3.1"
      }
    },
    "node_modules/@types/react-dom": {
      "version": "18.3.0",
      "resolved": "https://registry.npmjs.org/@types/react-dom/-/react-dom-18.3.0.tgz",
      "integrity": "sha512-EhwApuTmMBmXuFOikhQLIBUn6uFg81SwLMOAUgodJF14SOBOCMdU04gDoYi0WOJJHD144TL32z4yDqCW3dnkQg==",
      "dev": true,
      "license": "MIT",
      "dependencies": {
        "@types/react": "*"
      }
    },
    "node_modules/aws-ssl-profiles": {
      "version": "1.1.2",
      "resolved": "https://registry.npmjs.org/aws-ssl-profiles/-/aws-ssl-profiles-1.1.2.tgz",
      "integrity": "sha512-NZKeq9AfyQvEeNlN0zSYAaWrmBffJh3IELMZfRpJVWgrpEbtEpnjvzqBPf+mxoI287JohRDoa+/nsfqqiZmF6g==",
      "license": "MIT",
      "engines": {
        "node": ">= 6.0.0"
      }
    },
    "node_modules/busboy": {
      "version": "1.6.0",
      "resolved": "https://registry.npmjs.org/busboy/-/busboy-1.6.0.tgz",
      "integrity": "sha512-8SFQbg/0hQ9xy3UNTB0YEnsNBbWfhf7RtnzpL7TkBiTBRfrQ9Fxcnz7VJsleJpyp6rVLvXiuORqjlHi5q+PYuA==",
      "dependencies": {
        "streamsearch": "^1.1.0"
      },
      "engines": {
        "node": ">=10.16.0"
      }
    },
    "node_modules/caniuse-lite": {
      "version": "1.0.30001805",
      "resolved": "https://registry.npmjs.org/caniuse-lite/-/caniuse-lite-1.0.30001805.tgz",
      "integrity": "sha512-52noaS3DubycKSXaU30TwPGIp+POyQSUVa5jBEq3vkRkY0kjyb3LQgvhU6WGyCcyXqVLWO0Cw0Q6BSdD0kUfVA==",
      "funding": [
        {
          "type": "opencollective",
          "url": "https://opencollective.com/browserslist"
        },
        {
          "type": "tidelift",
          "url": "https://tidelift.com/funding/github/npm/caniuse-lite"
        },
        {
          "type": "github",
          "url": "https://github.com/sponsors/ai"
        }
      ],
      "license": "CC-BY-4.0"
    },
    "node_modules/chart.js": {
      "version": "4.5.1",
      "resolved": "https://registry.npmjs.org/chart.js/-/chart.js-4.5.1.tgz",
      "integrity": "sha512-GIjfiT9dbmHRiYi6Nl2yFCq7kkwdkp1W/lp2J99rX0yo9tgJGn3lKQATztIjb5tVtevcBtIdICNWqlq5+E8/Pw==",
      "license": "MIT",
      "dependencies": {
        "@kurkle/color": "^0.3.0"
      },
      "engines": {
        "pnpm": ">=8"
      }
    },
    "node_modules/chartjs-plugin-zoom": {
      "version": "2.2.0",
      "resolved": "https://registry.npmjs.org/chartjs-plugin-zoom/-/chartjs-plugin-zoom-2.2.0.tgz",
      "integrity": "sha512-in6kcdiTlP6npIVLMd4zXZ08PDUXC52gZ4FAy5oyjk1zX3gKarXMAof7B9eFiisf9WOC3bh2saHg+J5WtLXZeA==",
      "license": "MIT",
      "dependencies": {
        "@types/hammerjs": "^2.0.45",
        "hammerjs": "^2.0.8"
      },
      "peerDependencies": {
        "chart.js": ">=3.2.0"
      }
    },
    "node_modules/client-only": {
      "version": "0.0.1",
      "resolved": "https://registry.npmjs.org/client-only/-/client-only-0.0.1.tgz",
      "integrity": "sha512-IV3Ou0jSMzZrd3pZ48nLkT9DA7Ag1pnPzaiQhpW7c3RbcqqzvzzVu+L8gfqMp/8IM2MQtSiqaCxrrcfu8I8rMA==",
      "license": "MIT"
    },
    "node_modules/clsx": {
      "version": "2.1.1",
      "resolved": "https://registry.npmjs.org/clsx/-/clsx-2.1.1.tgz",
      "integrity": "sha512-eYm0QWBtUrBWZWG0d386OGAw16Z995PiOVo2B7bjWSbHedGl5e0ZWaq65kOGgUSNesEIDkB9ISbTg/JK9dhCZA==",
      "license": "MIT",
      "engines": {
        "node": ">=6"
      }
    },
    "node_modules/csstype": {
      "version": "3.2.3",
      "resolved": "https://registry.npmjs.org/csstype/-/csstype-3.2.3.tgz",
      "integrity": "sha512-z1HGKcYy2xA8AGQfwrn0PAy+PB7X/GSj3UVJW9qKyn43xWa+gl5nXmU4qqLMRzWVLFC8KusUX8T/0kCiOYpAIQ==",
      "license": "MIT"
    },
    "node_modules/date-fns": {
      "version": "3.6.0",
      "resolved": "https://registry.npmjs.org/date-fns/-/date-fns-3.6.0.tgz",
      "integrity": "sha512-fRHTG8g/Gif+kSh50gaGEdToemgfj74aRX3swtiouboip5JDLAyDE9F11nHMIcvOaXeOC6D7SpNhi7uFyB7Uww==",
      "license": "MIT",
      "funding": {
        "type": "github",
        "url": "https://github.com/sponsors/kossnocorp"
      }
    },
    "node_modules/denque": {
      "version": "2.1.0",
      "resolved": "https://registry.npmjs.org/denque/-/denque-2.1.0.tgz",
      "integrity": "sha512-HVQE3AAb/pxF8fQAoiqpvg9i3evqug3hoiwakOyZAwJm+6vZehbkYXZ0l4JxS+I3QxM97v5aaRNhj8v5oBhekw==",
      "license": "Apache-2.0",
      "engines": {
        "node": ">=0.10"
      }
    },
    "node_modules/flatbuffers": {
      "version": "1.12.0",
      "resolved": "https://registry.npmjs.org/flatbuffers/-/flatbuffers-1.12.0.tgz",
      "integrity": "sha512-c7CZADjRcl6j0PlvFy0ZqXQ67qSEZfrVPynmnL+2zPc+NtMvrF8Y0QceMo7QqnSPc7+uWjUIAbvCQ5WIKlMVdQ==",
      "license": "SEE LICENSE IN LICENSE.txt"
    },
    "node_modules/generate-function": {
      "version": "2.3.1",
      "resolved": "https://registry.npmjs.org/generate-function/-/generate-function-2.3.1.tgz",
      "integrity": "sha512-eeB5GfMNeevm/GRYq20ShmsaGcmI81kIX2K9XQx5miC8KdHaC6Jm0qQ8ZNeGOi7wYB8OsdxKs+Y2oVuTFuVwKQ==",
      "license": "MIT",
      "dependencies": {
        "is-property": "^1.0.2"
      }
    },
    "node_modules/graceful-fs": {
      "version": "4.2.11",
      "resolved": "https://registry.npmjs.org/graceful-fs/-/graceful-fs-4.2.11.tgz",
      "integrity": "sha512-RbJ5/jmFcNNCcDV5o9eTnBLJ/HszWV0P73bc+Ff4nS/rJj+YaS6IGyiOL0VoBYX+l1Wrl3k63h/KrH+nhJ0XvQ==",
      "license": "ISC"
    },
    "node_modules/guid-typescript": {
      "version": "1.0.9",
      "resolved": "https://registry.npmjs.org/guid-typescript/-/guid-typescript-1.0.9.tgz",
      "integrity": "sha512-Y8T4vYhEfwJOTbouREvG+3XDsjr8E3kIr7uf+JZ0BYloFsttiHU0WfvANVsR7TxNUJa/WpCnw/Ino/p+DeBhBQ==",
      "license": "ISC"
    },
    "node_modules/hammerjs": {
      "version": "2.0.8",
      "resolved": "https://registry.npmjs.org/hammerjs/-/hammerjs-2.0.8.tgz",
      "integrity": "sha512-tSQXBXS/MWQOn/RKckawJ61vvsDpCom87JgxiYdGwHdOa0ht0vzUWDlfioofFCRU0L+6NGDt6XzbgoJvZkMeRQ==",
      "license": "MIT",
      "engines": {
        "node": ">=0.8.0"
      }
    },
    "node_modules/iconv-lite": {
      "version": "0.7.3",
      "resolved": "https://registry.npmjs.org/iconv-lite/-/iconv-lite-0.7.3.tgz",
      "integrity": "sha512-IKXpvIzjnC9XTAUbVBcMfGS0EPaIXtW6v+zr+RRp+hqULEpo0owZax6wyRwPOJbWbzjYspQwusTsfVr0ifh4uQ==",
      "license": "MIT",
      "dependencies": {
        "safer-buffer": ">= 2.1.2 < 3.0.0"
      },
      "engines": {
        "node": ">=0.10.0"
      },
      "funding": {
        "type": "opencollective",
        "url": "https://opencollective.com/express"
      }
    },
    "node_modules/is-property": {
      "version": "1.0.2",
      "resolved": "https://registry.npmjs.org/is-property/-/is-property-1.0.2.tgz",
      "integrity": "sha512-Ks/IoX00TtClbGQr4TWXemAnktAQvYB7HzcCxDGqEZU6oCmb2INHuOoKxbtR+HFkmYWBKv/dOZtGRiAjDhj92g==",
      "license": "MIT"
    },
    "node_modules/js-tokens": {
      "version": "4.0.0",
      "resolved": "https://registry.npmjs.org/js-tokens/-/js-tokens-4.0.0.tgz",
      "integrity": "sha512-RdJUflcE3cUzKiMqQgsCu06FPu9UdIJO0beYbPhHN4k6apgJtifcoCtT9bcxOpYBtpD2kCM6Sbzg4CausW/PKQ==",
      "license": "MIT"
    },
    "node_modules/long": {
      "version": "5.3.2",
      "resolved": "https://registry.npmjs.org/long/-/long-5.3.2.tgz",
      "integrity": "sha512-mNAgZ1GmyNhD7AuqnTG3/VQ26o760+ZYBPKjPvugO8+nLbYfX6TVpJPseBvopbdY+qpZ/lKUnmEc1LeZYS3QAA==",
      "license": "Apache-2.0"
    },
    "node_modules/loose-envify": {
      "version": "1.4.0",
      "resolved": "https://registry.npmjs.org/loose-envify/-/loose-envify-1.4.0.tgz",
      "integrity": "sha512-lyuxPGr/Wfhrlem2CL/UcnUc1zcqKAImBDzukY7Y5F/yQiNdko6+fRLevlw1HgMySw7f611UIY408EtxRSoK3Q==",
      "license": "MIT",
      "dependencies": {
        "js-tokens": "^3.0.0 || ^4.0.0"
      },
      "bin": {
        "loose-envify": "cli.js"
      }
    },
    "node_modules/lru.min": {
      "version": "1.1.4",
      "resolved": "https://registry.npmjs.org/lru.min/-/lru.min-1.1.4.tgz",
      "integrity": "sha512-DqC6n3QQ77zdFpCMASA1a3Jlb64Hv2N2DciFGkO/4L9+q/IpIAuRlKOvCXabtRW6cQf8usbmM6BE/TOPysCdIA==",
      "license": "MIT",
      "engines": {
        "bun": ">=1.0.0",
        "deno": ">=1.30.0",
        "node": ">=8.0.0"
      },
      "funding": {
        "type": "github",
        "url": "https://github.com/sponsors/wellwelwel"
      }
    },
    "node_modules/mysql2": {
      "version": "3.23.1",
      "resolved": "https://registry.npmjs.org/mysql2/-/mysql2-3.23.1.tgz",
      "integrity": "sha512-tTuRnC7qCet2IOfSNMYZ5SwXuBnfvBPAcIA28P0gtruXyZlU1LMxA6uha32kYypoFgyYklMqhLWwt4laYwXR/Q==",
      "license": "MIT",
      "dependencies": {
        "aws-ssl-profiles": "^1.1.2",
        "denque": "^2.1.0",
        "generate-function": "^2.3.1",
        "iconv-lite": "^0.7.2",
        "long": "^5.3.2",
        "lru.min": "^1.1.4",
        "named-placeholders": "^1.1.6",
        "sql-escaper": "^1.5.1"
      },
      "engines": {
        "node": ">= 8.0"
      },
      "peerDependencies": {
        "@types/node": ">= 8"
      }
    },
    "node_modules/named-placeholders": {
      "version": "1.1.6",
      "resolved": "https://registry.npmjs.org/named-placeholders/-/named-placeholders-1.1.6.tgz",
      "integrity": "sha512-Tz09sEL2EEuv5fFowm419c1+a/jSMiBjI9gHxVLrVdbUkkNUUfjsVYs9pVZu5oCon/kmRh9TfLEObFtkVxmY0w==",
      "license": "MIT",
      "dependencies": {
        "lru.min": "^1.1.0"
      },
      "engines": {
        "node": ">=8.0.0"
      }
    },
    "node_modules/nanoid": {
      "version": "3.3.16",
      "resolved": "https://registry.npmjs.org/nanoid/-/nanoid-3.3.16.tgz",
      "integrity": "sha512-bzlKTyNJ7+LdGIIwy8ijFpIqEQIvafahV7eYykJ8Cvh42EdJeODoJ6gUJXpQJvej1BddH8OqTXZNE/KfbWAu8Q==",
      "funding": [
        {
          "type": "github",
          "url": "https://github.com/sponsors/ai"
        }
      ],
      "license": "MIT",
      "bin": {
        "nanoid": "bin/nanoid.cjs"
      },
      "engines": {
        "node": "^10 || ^12 || ^13.7 || ^14 || >=15.0.1"
      }
    },
    "node_modules/next": {
      "version": "14.2.5",
      "resolved": "https://registry.npmjs.org/next/-/next-14.2.5.tgz",
      "integrity": "sha512-0f8aRfBVL+mpzfBjYfQuLWh2WyAwtJXCRfkPF4UJ5qd2YwrHczsrSzXU4tRMV0OAxR8ZJZWPFn6uhSC56UTsLA==",
      "deprecated": "This version has a security vulnerability. Please upgrade to a patched version. See https://nextjs.org/blog/security-update-2025-12-11 for more details.",
      "license": "MIT",
      "dependencies": {
        "@next/env": "14.2.5",
        "@swc/helpers": "0.5.5",
        "busboy": "1.6.0",
        "caniuse-lite": "^1.0.30001579",
        "graceful-fs": "^4.2.11",
        "postcss": "8.4.31",
        "styled-jsx": "5.1.1"
      },
      "bin": {
        "next": "dist/bin/next"
      },
      "engines": {
        "node": ">=18.17.0"
      },
      "optionalDependencies": {
        "@next/swc-darwin-arm64": "14.2.5",
        "@next/swc-darwin-x64": "14.2.5",
        "@next/swc-linux-arm64-gnu": "14.2.5",
        "@next/swc-linux-arm64-musl": "14.2.5",
        "@next/swc-linux-x64-gnu": "14.2.5",
        "@next/swc-linux-x64-musl": "14.2.5",
        "@next/swc-win32-arm64-msvc": "14.2.5",
        "@next/swc-win32-ia32-msvc": "14.2.5",
        "@next/swc-win32-x64-msvc": "14.2.5"
      },
      "peerDependencies": {
        "@opentelemetry/api": "^1.1.0",
        "@playwright/test": "^1.41.2",
        "react": "^18.2.0",
        "react-dom": "^18.2.0",
        "sass": "^1.3.0"
      },
      "peerDependenciesMeta": {
        "@opentelemetry/api": {
          "optional": true
        },
        "@playwright/test": {
          "optional": true
        },
        "sass": {
          "optional": true
        }
      }
    },
    "node_modules/onnxruntime-common": {
      "version": "1.19.2",
      "resolved": "https://registry.npmjs.org/onnxruntime-common/-/onnxruntime-common-1.19.2.tgz",
      "integrity": "sha512-a4R7wYEVFbZBlp0BfhpbFWqe4opCor3KM+5Wm22Az3NGDcQMiU2hfG/0MfnBs+1ZrlSGmlgWeMcXQkDk1UFb8Q==",
      "license": "MIT"
    },
    "node_modules/onnxruntime-web": {
      "version": "1.19.2",
      "resolved": "https://registry.npmjs.org/onnxruntime-web/-/onnxruntime-web-1.19.2.tgz",
      "integrity": "sha512-r0ok6KpTUXR4WA+rHvUiZn7JoH02e8iS7XE1p5bXk7q3E0UaRFfYvpMNUHqEPiTBMuIssfBxDCQjUihV8dDFPg==",
      "license": "MIT",
      "dependencies": {
        "flatbuffers": "^1.12.0",
        "guid-typescript": "^1.0.9",
        "long": "^5.2.3",
        "onnxruntime-common": "1.19.2",
        "platform": "^1.3.6",
        "protobufjs": "^7.2.4"
      }
    },
    "node_modules/picocolors": {
      "version": "1.1.1",
      "resolved": "https://registry.npmjs.org/picocolors/-/picocolors-1.1.1.tgz",
      "integrity": "sha512-xceH2snhtb5M9liqDsmEw56le376mTZkEX/jEb/RxNFyegNul7eNslCXP9FDj/Lcu0X8KEyMceP2ntpaHrDEVA==",
      "license": "ISC"
    },
    "node_modules/platform": {
      "version": "1.3.6",
      "resolved": "https://registry.npmjs.org/platform/-/platform-1.3.6.tgz",
      "integrity": "sha512-fnWVljUchTro6RiCFvCXBbNhJc2NijN7oIQxbwsyL0buWJPG85v81ehlHI9fXrJsMNgTofEoWIQeClKpgxFLrg==",
      "license": "MIT"
    },
    "node_modules/postcss": {
      "version": "8.4.31",
      "resolved": "https://registry.npmjs.org/postcss/-/postcss-8.4.31.tgz",
      "integrity": "sha512-PS08Iboia9mts/2ygV3eLpY5ghnUcfLV/EXTOW1E2qYxJKGGBUtNjN76FYHnMs36RmARn41bC0AZmn+rR0OVpQ==",
      "funding": [
        {
          "type": "opencollective",
          "url": "https://opencollective.com/postcss/"
        },
        {
          "type": "tidelift",
          "url": "https://tidelift.com/funding/github/npm/postcss"
        },
        {
          "type": "github",
          "url": "https://github.com/sponsors/ai"
        }
      ],
      "license": "MIT",
      "dependencies": {
        "nanoid": "^3.3.6",
        "picocolors": "^1.0.0",
        "source-map-js": "^1.0.2"
      },
      "engines": {
        "node": "^10 || ^12 || >=14"
      }
    },
    "node_modules/protobufjs": {
      "version": "7.6.5",
      "resolved": "https://registry.npmjs.org/protobufjs/-/protobufjs-7.6.5.tgz",
      "integrity": "sha512-/FPD0nUc9jH6rfFjji9IBqOz4pcSE3CsT1m7Ep6Mdb0LxSUMj8hgl6GomOvZzpNpAqqGaXA0P3VSrZLFzIhQrw==",
      "hasInstallScript": true,
      "license": "BSD-3-Clause",
      "dependencies": {
        "@protobufjs/aspromise": "^1.1.2",
        "@protobufjs/base64": "^1.1.2",
        "@protobufjs/codegen": "^2.0.5",
        "@protobufjs/eventemitter": "^1.1.1",
        "@protobufjs/fetch": "^1.1.1",
        "@protobufjs/float": "^1.0.2",
        "@protobufjs/path": "^1.1.2",
        "@protobufjs/pool": "^1.1.0",
        "@protobufjs/utf8": "^1.1.1",
        "@types/node": ">=13.7.0",
        "long": "^5.3.2"
      },
      "engines": {
        "node": ">=12.0.0"
      }
    },
    "node_modules/react": {
      "version": "18.3.1",
      "resolved": "https://registry.npmjs.org/react/-/react-18.3.1.tgz",
      "integrity": "sha512-wS+hAgJShR0KhEvPJArfuPVN1+Hz1t0Y6n5jLrGQbkb4urgPE/0Rve+1kMB1v/oWgHgm4WIcV+i7F2pTVj+2iQ==",
      "license": "MIT",
      "dependencies": {
        "loose-envify": "^1.1.0"
      },
      "engines": {
        "node": ">=0.10.0"
      }
    },
    "node_modules/react-chartjs-2": {
      "version": "5.3.1",
      "resolved": "https://registry.npmjs.org/react-chartjs-2/-/react-chartjs-2-5.3.1.tgz",
      "integrity": "sha512-h5IPXKg9EXpjoBzUfyWJvllMjG2mQ4EiuHQFhms/AjUm0XSZHhyRy2xVmLXHKrtcdrPO4mnGqRtYoD0vp95A0A==",
      "license": "MIT",
      "peerDependencies": {
        "chart.js": "^4.1.1",
        "react": "^16.8.0 || ^17.0.0 || ^18.0.0 || ^19.0.0"
      }
    },
    "node_modules/react-datepicker": {
      "version": "9.1.0",
      "resolved": "https://registry.npmjs.org/react-datepicker/-/react-datepicker-9.1.0.tgz",
      "integrity": "sha512-lOp+m5bc+ttgtB5MHEjwiVu4nlp4CvJLS/PG1OiOe5pmg9kV73pEqO8H0Geqvg2E8gjqTaL9eRhSe+ZpeKP3nA==",
      "license": "MIT",
      "dependencies": {
        "@floating-ui/react": "^0.27.15",
        "clsx": "^2.1.1",
        "date-fns": "^4.1.0"
      },
      "peerDependencies": {
        "date-fns-tz": "^3.0.0",
        "react": "^16.9.0 || ^17 || ^18 || ^19 || ^19.0.0-rc",
        "react-dom": "^16.9.0 || ^17 || ^18 || ^19 || ^19.0.0-rc"
      },
      "peerDependenciesMeta": {
        "date-fns-tz": {
          "optional": true
        }
      }
    },
    "node_modules/react-datepicker/node_modules/@floating-ui/react": {
      "version": "0.27.20",
      "resolved": "https://registry.npmjs.org/@floating-ui/react/-/react-0.27.20.tgz",
      "integrity": "sha512-CMqMy7OaXl9W0eq1Uy7L7i2Y/anPvHmFmESd2CEw0t5YvZhcVCeo4MBevAmswRllX7Y2dEidA4ozGPunLSTQpw==",
      "license": "MIT",
      "dependencies": {
        "@floating-ui/react-dom": "^2.1.9",
        "@floating-ui/utils": "^0.2.12",
        "tabbable": "^6.0.0"
      },
      "peerDependencies": {
        "react": ">=17.0.0",
        "react-dom": ">=17.0.0"
      }
    },
    "node_modules/react-datepicker/node_modules/date-fns": {
      "version": "4.4.0",
      "resolved": "https://registry.npmjs.org/date-fns/-/date-fns-4.4.0.tgz",
      "integrity": "sha512-+1UMbeh68lH1SegH83CGWwpb6OHHbpSgr3+s5Eww5M4CAgswBpoWS0AjTOfEJ33HiYKz1hdj/KTFprzXHmq/6w==",
      "license": "MIT",
      "funding": {
        "type": "github",
        "url": "https://github.com/sponsors/kossnocorp"
      }
    },
    "node_modules/react-dom": {
      "version": "18.3.1",
      "resolved": "https://registry.npmjs.org/react-dom/-/react-dom-18.3.1.tgz",
      "integrity": "sha512-5m4nQKp+rZRb09LNH59GM4BxTh9251/ylbKIbpe7TpGxfJ+9kv6BLkLBXIjjspbgbnIBNqlI23tRnTWT0snUIw==",
      "license": "MIT",
      "dependencies": {
        "loose-envify": "^1.1.0",
        "scheduler": "^0.23.2"
      },
      "peerDependencies": {
        "react": "^18.3.1"
      }
    },
    "node_modules/react-icons": {
      "version": "5.7.0",
      "resolved": "https://registry.npmjs.org/react-icons/-/react-icons-5.7.0.tgz",
      "integrity": "sha512-LBLy340Rzqy6+/yVhZKT3B/QpP1BZaesGqasf09HPOBzRarcDIFH0WwXlXQfE7q7ipxK4MSiC5DIBWURCny6fw==",
      "license": "MIT",
      "peerDependencies": {
        "react": "*"
      }
    },
    "node_modules/safer-buffer": {
      "version": "2.1.2",
      "resolved": "https://registry.npmjs.org/safer-buffer/-/safer-buffer-2.1.2.tgz",
      "integrity": "sha512-YZo3K82SD7Riyi0E1EQPojLz7kpepnSQI9IyPbHHg1XXXevb5dJI7tpyN2ADxGcQbHG7vcyRHk0cbwqcQriUtg==",
      "license": "MIT"
    },
    "node_modules/scheduler": {
      "version": "0.23.2",
      "resolved": "https://registry.npmjs.org/scheduler/-/scheduler-0.23.2.tgz",
      "integrity": "sha512-UOShsPwz7NrMUqhR6t0hWjFduvOzbtv7toDH1/hIrfRNIDBnnBWd0CwJTGvTpngVlmwGCdP9/Zl/tVrDqcuYzQ==",
      "license": "MIT",
      "dependencies": {
        "loose-envify": "^1.1.0"
      }
    },
    "node_modules/source-map-js": {
      "version": "1.2.1",
      "resolved": "https://registry.npmjs.org/source-map-js/-/source-map-js-1.2.1.tgz",
      "integrity": "sha512-UXWMKhLOwVKb728IUtQPXxfYU+usdybtUrK/8uGE8CQMvrhOpwvzDBwj0QhSL7MQc7vIsISBG8VQ8+IDQxpfQA==",
      "license": "BSD-3-Clause",
      "engines": {
        "node": ">=0.10.0"
      }
    },
    "node_modules/sql-escaper": {
      "version": "1.5.1",
      "resolved": "https://registry.npmjs.org/sql-escaper/-/sql-escaper-1.5.1.tgz",
      "integrity": "sha512-4toX5E1fQbBrpfXidaHnF0669nkAdETeIPTs2SUjxxD7RRIs9ICG4gtpmfc68JCEKehsdwLFqBu9VlQqZ1P1gg==",
      "license": "MIT",
      "engines": {
        "bun": ">=1.0.0",
        "deno": ">=2.0.0",
        "node": ">=12.0.0"
      },
      "funding": {
        "type": "github",
        "url": "https://github.com/mysqljs/sql-escaper?sponsor=1"
      }
    },
    "node_modules/streamsearch": {
      "version": "1.1.0",
      "resolved": "https://registry.npmjs.org/streamsearch/-/streamsearch-1.1.0.tgz",
      "integrity": "sha512-Mcc5wHehp9aXz1ax6bZUyY5afg9u2rv5cqQI3mRrYkGC8rW2hM02jWuwjtL++LS5qinSyhj2QfLyNsuc+VsExg==",
      "engines": {
        "node": ">=10.0.0"
      }
    },
    "node_modules/styled-jsx": {
      "version": "5.1.1",
      "resolved": "https://registry.npmjs.org/styled-jsx/-/styled-jsx-5.1.1.tgz",
      "integrity": "sha512-pW7uC1l4mBZ8ugbiZrcIsiIvVx1UmTfw7UkC3Um2tmfUq9Bhk8IiyEIPl6F8agHgjzku6j0xQEZbfA5uSgSaCw==",
      "license": "MIT",
      "dependencies": {
        "client-only": "0.0.1"
      },
      "engines": {
        "node": ">= 12.0.0"
      },
      "peerDependencies": {
        "react": ">= 16.8.0 || 17.x.x || ^18.0.0-0"
      },
      "peerDependenciesMeta": {
        "@babel/core": {
          "optional": true
        },
        "babel-plugin-macros": {
          "optional": true
        }
      }
    },
    "node_modules/tabbable": {
      "version": "6.5.0",
      "resolved": "https://registry.npmjs.org/tabbable/-/tabbable-6.5.0.tgz",
      "integrity": "sha512-wieBHXygIm7OyQOu5hQlkk62/WyCFYGlWg7L6/ZCUZwx0o398Zkn4pVmMyfYhfMG8kGrj/Krt8eIk6UKC6VzwA==",
      "license": "MIT"
    },
    "node_modules/tslib": {
      "version": "2.8.1",
      "resolved": "https://registry.npmjs.org/tslib/-/tslib-2.8.1.tgz",
      "integrity": "sha512-oJFu94HQb+KVduSUQL7wnpmqnfmLsOA/nAh6b6EH0wCEoK0/mPeXU6c3wKDV83MkOuHPRHtSXKKU99IBazS/2w==",
      "license": "0BSD"
    },
    "node_modules/typescript": {
      "version": "5.5.4",
      "resolved": "https://registry.npmjs.org/typescript/-/typescript-5.5.4.tgz",
      "integrity": "sha512-Mtq29sKDAEYP7aljRgtPOpTvOfbwRWlS6dPRzwjdE+C0R4brX/GUyhHSecbHMFLNBLcJIPt9nl9yG5TZ1weH+Q==",
      "dev": true,
      "license": "Apache-2.0",
      "bin": {
        "tsc": "bin/tsc",
        "tsserver": "bin/tsserver"
      },
      "engines": {
        "node": ">=14.17"
      }
    },
    "node_modules/undici-types": {
      "version": "5.26.5",
      "resolved": "https://registry.npmjs.org/undici-types/-/undici-types-5.26.5.tgz",
      "integrity": "sha512-JlCMO+ehdEIKqlFxk6IfVoAUVmgz7cU7zD/h9XZ0qzeosSHmUJVOzSQvvYSYWXkFXC+IfLKSIffhv0sVZup6pA==",
      "license": "MIT"
    }
  }
}
